// !$*UTF8*$!
{
	archiveVersion = 1;
	classes = {
	};
	objectVersion = 46;
	objects = {

/* Begin PBXBuildFile section */
		2739ED69445C706E9ED11BD2 /* libPods-TicTacToe.a in Frameworks */ = {isa = PBXBuildFile; fileRef = 3372A0892EA057282BFEF8C2 /* libPods-TicTacToe.a */; };
		6D34448D1D4FECD9002CF6D6 /* main.m in Sources */ = {isa = PBXBuildFile; fileRef = 6D34448C1D4FECD9002CF6D6 /* main.m */; };
		6D3444901D4FECD9002CF6D6 /* AppDelegate.m in Sources */ = {isa = PBXBuildFile; fileRef = 6D34448F1D4FECD9002CF6D6 /* AppDelegate.m */; };
		6D3444961D4FECD9002CF6D6 /* Main.storyboard in Resources */ = {isa = PBXBuildFile; fileRef = 6D3444941D4FECD9002CF6D6 /* Main.storyboard */; };
		6D3444981D4FECD9002CF6D6 /* Assets.xcassets in Resources */ = {isa = PBXBuildFile; fileRef = 6D3444971D4FECD9002CF6D6 /* Assets.xcassets */; };
		6D34449B1D4FECD9002CF6D6 /* LaunchScreen.storyboard in Resources */ = {isa = PBXBuildFile; fileRef = 6D3444991D4FECD9002CF6D6 /* LaunchScreen.storyboard */; };
		6DC9BEDB1D53F00E00485270 /* TTTBot.m in Sources */ = {isa = PBXBuildFile; fileRef = 6DC9BEDA1D53F00E00485270 /* TTTBot.m */; };
		6DE6E0111D4FEEDF00A4C23F /* TicTacToeTableViewController.m in Sources */ = {isa = PBXBuildFile; fileRef = 6DE6E0101D4FEEDF00A4C23F /* TicTacToeTableViewController.m */; };
		6DE6E0171D4FEF9200A4C23F /* TTTCell.m in Sources */ = {isa = PBXBuildFile; fileRef = 6DE6E0161D4FEF9200A4C23F /* TTTCell.m */; };
		6DED5D2E1D6227FF00314B4E /* TTTInformationCell.m in Sources */ = {isa = PBXBuildFile; fileRef = 6DED5D2C1D6227FF00314B4E /* TTTInformationCell.m */; };
/* End PBXBuildFile section */

/* Begin PBXFileReference section */
		3372A0892EA057282BFEF8C2 /* libPods-TicTacToe.a */ = {isa = PBXFileReference; explicitFileType = archive.ar; includeInIndex = 0; path = "libPods-TicTacToe.a"; sourceTree = BUILT_PRODUCTS_DIR; };
		6D3444881D4FECD9002CF6D6 /* TicTacToe.app */ = {isa = PBXFileReference; explicitFileType = wrapper.application; includeInIndex = 0; path = TicTacToe.app; sourceTree = BUILT_PRODUCTS_DIR; };
		6D34448C1D4FECD9002CF6D6 /* main.m */ = {isa = PBXFileReference; lastKnownFileType = sourcecode.c.objc; path = main.m; sourceTree = "<group>"; };
		6D34448E1D4FECD9002CF6D6 /* AppDelegate.h */ = {isa = PBXFileReference; lastKnownFileType = sourcecode.c.h; path = AppDelegate.h; sourceTree = "<group>"; };
		6D34448F1D4FECD9002CF6D6 /* AppDelegate.m */ = {isa = PBXFileReference; lastKnownFileType = sourcecode.c.objc; path = AppDelegate.m; sourceTree = "<group>"; };
		6D3444951D4FECD9002CF6D6 /* Base */ = {isa = PBXFileReference; lastKnownFileType = file.storyboard; name = Base; path = Base.lproj/Main.storyboard; sourceTree = "<group>"; };
		6D3444971D4FECD9002CF6D6 /* Assets.xcassets */ = {isa = PBXFileReference; lastKnownFileType = folder.assetcatalog; name = Assets.xcassets; path = TicTacToe/Assets.xcassets; sourceTree = "<group>"; };
		6D34449A1D4FECD9002CF6D6 /* Base */ = {isa = PBXFileReference; lastKnownFileType = file.storyboard; name = Base; path = Base.lproj/LaunchScreen.storyboard; sourceTree = "<group>"; };
		6D34449C1D4FECD9002CF6D6 /* Info.plist */ = {isa = PBXFileReference; lastKnownFileType = text.plist.xml; name = Info.plist; path = TicTacToe/Info.plist; sourceTree = "<group>"; };
		6DC9BED91D53F00E00485270 /* TTTBot.h */ = {isa = PBXFileReference; fileEncoding = 4; lastKnownFileType = sourcecode.c.h; path = TTTBot.h; sourceTree = "<group>"; };
		6DC9BEDA1D53F00E00485270 /* TTTBot.m */ = {isa = PBXFileReference; fileEncoding = 4; lastKnownFileType = sourcecode.c.objc; path = TTTBot.m; sourceTree = "<group>"; };
		6DE6E00F1D4FEEDF00A4C23F /* TicTacToeTableViewController.h */ = {isa = PBXFileReference; fileEncoding = 4; lastKnownFileType = sourcecode.c.h; path = TicTacToeTableViewController.h; sourceTree = "<group>"; };
		6DE6E0101D4FEEDF00A4C23F /* TicTacToeTableViewController.m */ = {isa = PBXFileReference; fileEncoding = 4; lastKnownFileType = sourcecode.c.objc; path = TicTacToeTableViewController.m; sourceTree = "<group>"; };
		6DE6E0151D4FEF9200A4C23F /* TTTCell.h */ = {isa = PBXFileReference; fileEncoding = 4; lastKnownFileType = sourcecode.c.h; path = TTTCell.h; sourceTree = "<group>"; };
		6DE6E0161D4FEF9200A4C23F /* TTTCell.m */ = {isa = PBXFileReference; fileEncoding = 4; lastKnownFileType = sourcecode.c.objc; path = TTTCell.m; sourceTree = "<group>"; };
		6DED5D2C1D6227FF00314B4E /* TTTInformationCell.m */ = {isa = PBXFileReference; fileEncoding = 4; lastKnownFileType = sourcecode.c.objc; path = TTTInformationCell.m; sourceTree = "<group>"; };
		6DED5D2D1D6227FF00314B4E /* TTTInformationCell.h */ = {isa = PBXFileReference; fileEncoding = 4; lastKnownFileType = sourcecode.c.h; path = TTTInformationCell.h; sourceTree = "<group>"; };
		A2AEF72B480A4750FAE663AA /* Pods-TicTacToe.debug.xcconfig */ = {isa = PBXFileReference; includeInIndex = 1; lastKnownFileType = text.xcconfig; name = "Pods-TicTacToe.debug.xcconfig"; path = "Pods/Target Support Files/Pods-TicTacToe/Pods-TicTacToe.debug.xcconfig"; sourceTree = "<group>"; };
		CC7F288EF3FB43798AC948AB /* Pods-TicTacToe.release.xcconfig */ = {isa = PBXFileReference; includeInIndex = 1; lastKnownFileType = text.xcconfig; name = "Pods-TicTacToe.release.xcconfig"; path = "Pods/Target Support Files/Pods-TicTacToe/Pods-TicTacToe.release.xcconfig"; sourceTree = "<group>"; };
/* End PBXFileReference section */

/* Begin PBXFrameworksBuildPhase section */
		6D3444851D4FECD9002CF6D6 /* Frameworks */ = {
			isa = PBXFrameworksBuildPhase;
			buildActionMask = 2147483647;
			files = (
				2739ED69445C706E9ED11BD2 /* libPods-TicTacToe.a in Frameworks */,
			);
			runOnlyForDeploymentPostprocessing = 0;
		};
/* End PBXFrameworksBuildPhase section */

/* Begin PBXGroup section */
		6D34447F1D4FECD9002CF6D6 = {
			isa = PBXGroup;
			children = (
				6DE6E0181D4FEFB300A4C23F /* Junk */,
				6D34448A1D4FECD9002CF6D6 /* TicTacToe */,
				6D3444891D4FECD9002CF6D6 /* Products */,
				71274B013F68B807BF2FB793 /* Pods */,
				FF2FD1620BEEFB5259C0DED9 /* Frameworks */,
			);
			sourceTree = "<group>";
		};
		6D3444891D4FECD9002CF6D6 /* Products */ = {
			isa = PBXGroup;
			children = (
				6D3444881D4FECD9002CF6D6 /* TicTacToe.app */,
			);
			name = Products;
			sourceTree = "<group>";
		};
		6D34448A1D4FECD9002CF6D6 /* TicTacToe */ = {
			isa = PBXGroup;
			children = (
				6DC9BED91D53F00E00485270 /* TTTBot.h */,
				6DC9BEDA1D53F00E00485270 /* TTTBot.m */,
				6DC392F01D512FCA008E9343 /* View */,
				6DC392F11D512FE0008E9343 /* Controller */,
				6D34448E1D4FECD9002CF6D6 /* AppDelegate.h */,
				6D34448F1D4FECD9002CF6D6 /* AppDelegate.m */,
				6D34448B1D4FECD9002CF6D6 /* Supporting Files */,
			);
			path = TicTacToe;
			sourceTree = "<group>";
		};
		6D34448B1D4FECD9002CF6D6 /* Supporting Files */ = {
			isa = PBXGroup;
			children = (
				6D34448C1D4FECD9002CF6D6 /* main.m */,
			);
			name = "Supporting Files";
			sourceTree = "<group>";
		};
		6DC392F01D512FCA008E9343 /* View */ = {
			isa = PBXGroup;
			children = (
				6DED5D2D1D6227FF00314B4E /* TTTInformationCell.h */,
				6DED5D2C1D6227FF00314B4E /* TTTInformationCell.m */,
				6DE6E0151D4FEF9200A4C23F /* TTTCell.h */,
				6DE6E0161D4FEF9200A4C23F /* TTTCell.m */,
			);
			name = View;
			sourceTree = "<group>";
		};
		6DC392F11D512FE0008E9343 /* Controller */ = {
			isa = PBXGroup;
			children = (
				6DE6E00F1D4FEEDF00A4C23F /* TicTacToeTableViewController.h */,
				6DE6E0101D4FEEDF00A4C23F /* TicTacToeTableViewController.m */,
			);
			name = Controller;
			sourceTree = "<group>";
		};
		6DE6E0181D4FEFB300A4C23F /* Junk */ = {
			isa = PBXGroup;
			children = (
				6D3444941D4FECD9002CF6D6 /* Main.storyboard */,
				6D34449C1D4FECD9002CF6D6 /* Info.plist */,
				6D3444991D4FECD9002CF6D6 /* LaunchScreen.storyboard */,
				6D3444971D4FECD9002CF6D6 /* Assets.xcassets */,
			);
			name = Junk;
			sourceTree = "<group>";
		};
		71274B013F68B807BF2FB793 /* Pods */ = {
			isa = PBXGroup;
			children = (
				A2AEF72B480A4750FAE663AA /* Pods-TicTacToe.debug.xcconfig */,
				CC7F288EF3FB43798AC948AB /* Pods-TicTacToe.release.xcconfig */,
			);
			name = Pods;
			sourceTree = "<group>";
		};
		FF2FD1620BEEFB5259C0DED9 /* Frameworks */ = {
			isa = PBXGroup;
			children = (
				3372A0892EA057282BFEF8C2 /* libPods-TicTacToe.a */,
			);
			name = Frameworks;
			sourceTree = "<group>";
		};
/* End PBXGroup section */

/* Begin PBXNativeTarget section */
		6D3444871D4FECD9002CF6D6 /* TicTacToe */ = {
			isa = PBXNativeTarget;
			buildConfigurationList = 6D34449F1D4FECD9002CF6D6 /* Build configuration list for PBXNativeTarget "TicTacToe" */;
			buildPhases = (
				7CEA306D01F0393D1B8AD314 /* [CP] Check Pods Manifest.lock */,
				6D3444841D4FECD9002CF6D6 /* Sources */,
				6D3444851D4FECD9002CF6D6 /* Frameworks */,
				6D3444861D4FECD9002CF6D6 /* Resources */,
				F172CF5B4520D41587E33196 /* [CP] Embed Pods Frameworks */,
				A458DD741DEDFA6865365701 /* [CP] Copy Pods Resources */,
			);
			buildRules = (
			);
			dependencies = (
			);
			name = TicTacToe;
			productName = TicTacToe;
			productReference = 6D3444881D4FECD9002CF6D6 /* TicTacToe.app */;
			productType = "com.apple.product-type.application";
		};
/* End PBXNativeTarget section */

/* Begin PBXProject section */
		6D3444801D4FECD9002CF6D6 /* Project object */ = {
			isa = PBXProject;
			attributes = {
				LastUpgradeCheck = 0730;
				ORGANIZATIONNAME = "Alaric Gonzales";
				TargetAttributes = {
					6D3444871D4FECD9002CF6D6 = {
						CreatedOnToolsVersion = 7.3.1;
						DevelopmentTeam = 8965JJK585;
					};
				};
			};
			buildConfigurationList = 6D3444831D4FECD9002CF6D6 /* Build configuration list for PBXProject "TicTacToe" */;
			compatibilityVersion = "Xcode 3.2";
			developmentRegion = English;
			hasScannedForEncodings = 0;
			knownRegions = (
				en,
				Base,
			);
			mainGroup = 6D34447F1D4FECD9002CF6D6;
			productRefGroup = 6D3444891D4FECD9002CF6D6 /* Products */;
			projectDirPath = "";
			projectRoot = "";
			targets = (
				6D3444871D4FECD9002CF6D6 /* TicTacToe */,
			);
		};
/* End PBXProject section */

/* Begin PBXResourcesBuildPhase section */
		6D3444861D4FECD9002CF6D6 /* Resources */ = {
			isa = PBXResourcesBuildPhase;
			buildActionMask = 2147483647;
			files = (
				6D34449B1D4FECD9002CF6D6 /* LaunchScreen.storyboard in Resources */,
				6D3444981D4FECD9002CF6D6 /* Assets.xcassets in Resources */,
				6D3444961D4FECD9002CF6D6 /* Main.storyboard in Resources */,
			);
			runOnlyForDeploymentPostprocessing = 0;
		};
/* End PBXResourcesBuildPhase section */

/* Begin PBXShellScriptBuildPhase section */
		7CEA306D01F0393D1B8AD314 /* [CP] Check Pods Manifest.lock */ = {
			isa = PBXShellScriptBuildPhase;
			buildActionMask = 2147483647;
			files = (
			);
			inputPaths = (
			);
			name = "[CP] Check Pods Manifest.lock";
			outputPaths = (
			);
			runOnlyForDeploymentPostprocessing = 0;
			shellPath = /bin/sh;
			shellScript = "diff \"${PODS_ROOT}/../Podfile.lock\" \"${PODS_ROOT}/Manifest.lock\" > /dev/null\nif [[ $? != 0 ]] ; then\n    cat << EOM\nerror: The sandbox is not in sync with the Podfile.lock. Run 'pod install' or update your CocoaPods installation.\nEOM\n    exit 1\nfi\n";
			showEnvVarsInLog = 0;
		};
		A458DD741DEDFA6865365701 /* [CP] Copy Pods Resources */ = {
			isa = PBXShellScriptBuildPhase;
			buildActionMask = 2147483647;
			files = (
			);
			inputPaths = (
			);
			name = "[CP] Copy Pods Resources";
			outputPaths = (
			);
			runOnlyForDeploymentPostprocessing = 0;
			shellPath = /bin/sh;
			shellScript = "\"${SRCROOT}/Pods/Target Support Files/Pods-TicTacToe/Pods-TicTacToe-resources.sh\"\n";
			showEnvVarsInLog = 0;
		};
		F172CF5B4520D41587E33196 /* [CP] Embed Pods Frameworks */ = {
			isa = PBXShellScriptBuildPhase;
			buildActionMask = 2147483647;
			files = (
			);
			inputPaths = (
			);
			name = "[CP] Embed Pods Frameworks";
			outputPaths = (
			);
			runOnlyForDeploymentPostprocessing = 0;
			shellPath = /bin/sh;
			shellScript = "\"${SRCROOT}/Pods/Target Support Files/Pods-TicTacToe/Pods-TicTacToe-frameworks.sh\"\n";
			showEnvVarsInLog = 0;
		};
/* End PBXShellScriptBuildPhase section */

/* Begin PBXSourcesBuildPhase section */
		6D3444841D4FECD9002CF6D6 /* Sources */ = {
			isa = PBXSourcesBuildPhase;
			buildActionMask = 2147483647;
			files = (
				6DE6E0111D4FEEDF00A4C23F /* TicTacToeTableViewController.m in Sources */,
				6DE6E0171D4FEF9200A4C23F /* TTTCell.m in Sources */,
				6DC9BEDB1D53F00E00485270 /* TTTBot.m in Sources */,
				6D3444901D4FECD9002CF6D6 /* AppDelegate.m in Sources */,
				6D34448D1D4FECD9002CF6D6 /* main.m in Sources */,
				6DED5D2E1D6227FF00314B4E /* TTTInformationCell.m in Sources */,
			);
			runOnlyForDeploymentPostprocessing = 0;
		};
/* End PBXSourcesBuildPhase section */

/* Begin PBXVariantGroup section */
		6D3444941D4FECD9002CF6D6 /* Main.storyboard */ = {
			isa = PBXVariantGroup;
			children = (
				6D3444951D4FECD9002CF6D6 /* Base */,
			);
			name = Main.storyboard;
			path = TicTacToe;
			sourceTree = "<group>";
		};
		6D3444991D4FECD9002CF6D6 /* LaunchScreen.storyboard */ = {
			isa = PBXVariantGroup;
			children = (
				6D34449A1D4FECD9002CF6D6 /* Base */,
			);
			name = LaunchScreen.storyboard;
			path = TicTacToe;
			sourceTree = "<group>";
		};
/* End PBXVariantGroup section */

/* Begin XCBuildConfiguration section */
		6D34449D1D4FECD9002CF6D6 /* Debug */ = {
			isa = XCBuildConfiguration;
			buildSettings = {
				ALWAYS_SEARCH_USER_PATHS = NO;
				CLANG_ANALYZER_NONNULL = YES;
				CLANG_CXX_LANGUAGE_STANDARD = "gnu++0x";
				CLANG_CXX_LIBRARY = "libc++";
				CLANG_ENABLE_MODULES = YES;
				CLANG_ENABLE_OBJC_ARC = YES;
				CLANG_WARN_BOOL_CONVERSION = YES;
				CLANG_WARN_CONSTANT_CONVERSION = YES;
				CLANG_WARN_DIRECT_OBJC_ISA_USAGE = YES_ERROR;
				CLANG_WARN_EMPTY_BODY = YES;
				CLANG_WARN_ENUM_CONVERSION = YES;
				CLANG_WARN_INT_CONVERSION = YES;
				CLANG_WARN_OBJC_ROOT_CLASS = YES_ERROR;
				CLANG_WARN_UNREACHABLE_CODE = YES;
				CLANG_WARN__DUPLICATE_METHOD_MATCH = YES;
				"CODE_SIGN_IDENTITY[sdk=iphoneos*]" = "iPhone Developer";
				COPY_PHASE_STRIP = NO;
				DEBUG_INFORMATION_FORMAT = dwarf;
				ENABLE_STRICT_OBJC_MSGSEND = YES;
				ENABLE_TESTABILITY = YES;
				GCC_C_LANGUAGE_STANDARD = gnu99;
				GCC_DYNAMIC_NO_PIC = NO;
				GCC_NO_COMMON_BLOCKS = YES;
				GCC_OPTIMIZATION_LEVEL = 0;
				GCC_PREPROCESSOR_DEFINITIONS = (
					"DEBUG=1",
					"$(inherited)",
				);
				GCC_WARN_64_TO_32_BIT_CONVERSION = YES;
				GCC_WARN_ABOUT_RETURN_TYPE = YES_ERROR;
				GCC_WARN_UNDECLARED_SELECTOR = YES;
				GCC_WARN_UNINITIALIZED_AUTOS = YES_AGGRESSIVE;
				GCC_WARN_UNUSED_FUNCTION = YES;
				GCC_WARN_UNUSED_VARIABLE = YES;
				IPHONEOS_DEPLOYMENT_TARGET = 9.3;
				MTL_ENABLE_DEBUG_INFO = YES;
				ONLY_ACTIVE_ARCH = YES;
				SDKROOT = iphoneos;
			};
			name = Debug;
		};
		6D34449E1D4FECD9002CF6D6 /* Release */ = {
			isa = XCBuildConfiguration;
			buildSettings = {
				ALWAYS_SEARCH_USER_PATHS = NO;
				CLANG_ANALYZER_NONNULL = YES;
				CLANG_CXX_LANGUAGE_STANDARD = "gnu++0x";
				CLANG_CXX_LIBRARY = "libc++";
				CLANG_ENABLE_MODULES = YES;
				CLANG_ENABLE_OBJC_ARC = YES;
				CLANG_WARN_BOOL_CONVERSION = YES;
				CLANG_WARN_CONSTANT_CONVERSION = YES;
				CLANG_WARN_DIRECT_OBJC_ISA_USAGE = YES_ERROR;
				CLANG_WARN_EMPTY_BODY = YES;
				CLANG_WARN_ENUM_CONVERSION = YES;
				CLANG_WARN_INT_CONVERSION = YES;
				CLANG_WARN_OBJC_ROOT_CLASS = YES_ERROR;
				CLANG_WARN_UNREACHABLE_CODE = YES;
				CLANG_WARN__DUPLICATE_METHOD_MATCH = YES;
				"CODE_SIGN_IDENTITY[sdk=iphoneos*]" = "iPhone Developer";
				COPY_PHASE_STRIP = NO;
				DEBUG_INFORMATION_FORMAT = "dwarf-with-dsym";
				ENABLE_NS_ASSERTIONS = NO;
				ENABLE_STRICT_OBJC_MSGSEND = YES;
				GCC_C_LANGUAGE_STANDARD = gnu99;
				GCC_NO_COMMON_BLOCKS = YES;
				GCC_WARN_64_TO_32_BIT_CONVERSION = YES;
				GCC_WARN_ABOUT_RETURN_TYPE = YES_ERROR;
				GCC_WARN_UNDECLARED_SELECTOR = YES;
				GCC_WARN_UNINITIALIZED_AUTOS = YES_AGGRESSIVE;
				GCC_WARN_UNUSED_FUNCTION = YES;
				GCC_WARN_UNUSED_VARIABLE = YES;
				IPHONEOS_DEPLOYMENT_TARGET = 9.3;
				MTL_ENABLE_DEBUG_INFO = NO;
				SDKROOT = iphoneos;
				VALIDATE_PRODUCT = YES;
			};
			name = Release;
		};
		6D3444A01D4FECD9002CF6D6 /* Debug */ = {
			isa = XCBuildConfiguration;
			baseConfigurationReference = A2AEF72B480A4750FAE663AA /* Pods-TicTacToe.debug.xcconfig */;
			buildSettings = {
				ASSETCATALOG_COMPILER_APPICON_NAME = AppIcon;
				CODE_SIGN_IDENTITY = "iPhone Developer";
				"CODE_SIGN_IDENTITY[sdk=iphoneos*]" = "iPhone Developer";
				INFOPLIST_FILE = TicTacToe/Info.plist;
				LD_RUNPATH_SEARCH_PATHS = "$(inherited) @executable_path/Frameworks";
				PRODUCT_BUNDLE_IDENTIFIER = Alaric.TicTacToe;
				PRODUCT_NAME = "$(TARGET_NAME)";
				PROVISIONING_PROFILE = "";
			};
			name = Debug;
		};
		6D3444A11D4FECD9002CF6D6 /* Release */ = {
			isa = XCBuildConfiguration;
			baseConfigurationReference = CC7F288EF3FB43798AC948AB /* Pods-TicTacToe.release.xcconfig */;
			buildSettings = {
				ASSETCATALOG_COMPILER_APPICON_NAME = AppIcon;
				CODE_SIGN_IDENTITY = "iPhone Developer";
				"CODE_SIGN_IDENTITY[sdk=iphoneos*]" = "iPhone Developer";
				INFOPLIST_FILE = TicTacToe/Info.plist;
				LD_RUNPATH_SEARCH_PATHS = "$(inherited) @executable_path/Frameworks";
				PRODUCT_BUNDLE_IDENTIFIER = Alaric.TicTacToe;
				PRODUCT_NAME = "$(TARGET_NAME)";
				PROVISIONING_PROFILE = "";
			};
			name = Release;
		};
/* End XCBuildConfiguration section */

/* Begin XCConfigurationList section */
		6D3444831D4FECD9002CF6D6 /* Build configuration list for PBXProject "TicTacToe" */ = {
			isa = XCConfigurationList;
			buildConfigurations = (
				6D34449D1D4FECD9002CF6D6 /* Debug */,
				6D34449E1D4FECD9002CF6D6 /* Release */,
			);
			defaultConfigurationIsVisible = 0;
			defaultConfigurationName = Release;
		};
		6D34449F1D4FECD9002CF6D6 /* Build configuration list for PBXNativeTarget "TicTacToe" */ = {
			isa = XCConfigurationList;
			buildConfigurations = (
				6D3444A01D4FECD9002CF6D6 /* Debug */,
				6D3444A11D4FECD9002CF6D6 /* Release */,
			);
			defaultConfigurationIsVisible = 0;
			defaultConfigurationName = Release;
		};
/* End XCConfigurationList section */
	};
	rootObject = 6D3444801D4FECD9002CF6D6 /* Project object */;
}
